{
	"name": "md-spa",
	"version": "1.0.2",
	"lockfileVersion": 2,
	"requires": true,
	"packages": {
		"": {
			"name": "md-spa",
			"version": "1.0.2",
			"license": "ISC",
			"dependencies": {
				"ardi": "^0.3.20",
				"degit": "^2.8.4",
				"esbuild": "^0.18.14",
				"gray-matter": "^4.0.3",
				"marked": "^5.1.1",
				"prompts": "^2.4.2"
			},
			"bin": {
				"md-spa": "bin.js"
			}
		},
		"node_modules/@esbuild/android-arm": {
			"version": "0.18.14",
			"resolved": "https://registry.npmjs.org/@esbuild/android-arm/-/android-arm-0.18.14.tgz",
			"integrity": "sha512-blODaaL+lngG5bdK/t4qZcQvq2BBqrABmYwqPPcS5VRxrCSGHb9R/rA3fqxh7R18I7WU4KKv+NYkt22FDfalcg==",
			"cpu": [
				"arm"
			],
			"optional": true,
			"os": [
				"android"
			],
			"engines": {
				"node": ">=12"
			}
		},
		"node_modules/@esbuild/android-arm64": {
			"version": "0.18.14",
			"resolved": "https://registry.npmjs.org/@esbuild/android-arm64/-/android-arm64-0.18.14.tgz",
			"integrity": "sha512-rZ2v+Luba5/3D6l8kofWgTnqE+qsC/L5MleKIKFyllHTKHrNBMqeRCnZI1BtRx8B24xMYxeU32iIddRQqMsOsg==",
			"cpu": [
				"arm64"
			],
			"optional": true,
			"os": [
				"android"
			],
			"engines": {
				"node": ">=12"
			}
		},
		"node_modules/@esbuild/android-x64": {
			"version": "0.18.14",
			"resolved": "https://registry.npmjs.org/@esbuild/android-x64/-/android-x64-0.18.14.tgz",
			"integrity": "sha512-qSwh8y38QKl+1Iqg+YhvCVYlSk3dVLk9N88VO71U4FUjtiSFylMWK3Ugr8GC6eTkkP4Tc83dVppt2n8vIdlSGg==",
			"cpu": [
				"x64"
			],
			"optional": true,
			"os": [
				"android"
			],
			"engines": {
				"node": ">=12"
			}
		},
		"node_modules/@esbuild/darwin-arm64": {
			"version": "0.18.14",
			"resolved": "https://registry.npmjs.org/@esbuild/darwin-arm64/-/darwin-arm64-0.18.14.tgz",
			"integrity": "sha512-9Hl2D2PBeDYZiNbnRKRWuxwHa9v5ssWBBjisXFkVcSP5cZqzZRFBUWEQuqBHO4+PKx4q4wgHoWtfQ1S7rUqJ2Q==",
			"cpu": [
				"arm64"
			],
			"optional": true,
			"os": [
				"darwin"
			],
			"engines": {
				"node": ">=12"
			}
		},
		"node_modules/@esbuild/darwin-x64": {
			"version": "0.18.14",
			"resolved": "https://registry.npmjs.org/@esbuild/darwin-x64/-/darwin-x64-0.18.14.tgz",
			"integrity": "sha512-ZnI3Dg4ElQ6tlv82qLc/UNHtFsgZSKZ7KjsUNAo1BF1SoYDjkGKHJyCrYyWjFecmXpvvG/KJ9A/oe0H12odPLQ==",
			"cpu": [
				"x64"
			],
			"optional": true,
			"os": [
				"darwin"
			],
			"engines": {
				"node": ">=12"
			}
		},
		"node_modules/@esbuild/freebsd-arm64": {
			"version": "0.18.14",
			"resolved": "https://registry.npmjs.org/@esbuild/freebsd-arm64/-/freebsd-arm64-0.18.14.tgz",
			"integrity": "sha512-h3OqR80Da4oQCIa37zl8tU5MwHQ7qgPV0oVScPfKJK21fSRZEhLE4IIVpmcOxfAVmqjU6NDxcxhYaM8aDIGRLw==",
			"cpu": [
				"arm64"
			],
			"optional": true,
			"os": [
				"freebsd"
			],
			"engines": {
				"node": ">=12"
			}
		},
		"node_modules/@esbuild/freebsd-x64": {
			"version": "0.18.14",
			"resolved": "https://registry.npmjs.org/@esbuild/freebsd-x64/-/freebsd-x64-0.18.14.tgz",
			"integrity": "sha512-ha4BX+S6CZG4BoH9tOZTrFIYC1DH13UTCRHzFc3GWX74nz3h/N6MPF3tuR3XlsNjMFUazGgm35MPW5tHkn2lzQ==",
			"cpu": [
				"x64"
			],
			"optional": true,
			"os": [
				"freebsd"
			],
			"engines": {
				"node": ">=12"
			}
		},
		"node_modules/@esbuild/linux-arm": {
			"version": "0.18.14",
			"resolved": "https://registry.npmjs.org/@esbuild/linux-arm/-/linux-arm-0.18.14.tgz",
			"integrity": "sha512-5+7vehI1iqru5WRtJyU2XvTOvTGURw3OZxe3YTdE9muNNIdmKAVmSHpB3Vw2LazJk2ifEdIMt/wTWnVe5V98Kg==",
			"cpu": [
				"arm"
			],
			"optional": true,
			"os": [
				"linux"
			],
			"engines": {
				"node": ">=12"
			}
		},
		"node_modules/@esbuild/linux-arm64": {
			"version": "0.18.14",
			"resolved": "https://registry.npmjs.org/@esbuild/linux-arm64/-/linux-arm64-0.18.14.tgz",
			"integrity": "sha512-IXORRe22In7U65NZCzjwAUc03nn8SDIzWCnfzJ6t/8AvGx5zBkcLfknI+0P+hhuftufJBmIXxdSTbzWc8X/V4w==",
			"cpu": [
				"arm64"
			],
			"optional": true,
			"os": [
				"linux"
			],
			"engines": {
				"node": ">=12"
			}
		},
		"node_modules/@esbuild/linux-ia32": {
			"version": "0.18.14",
			"resolved": "https://registry.npmjs.org/@esbuild/linux-ia32/-/linux-ia32-0.18.14.tgz",
			"integrity": "sha512-BfHlMa0nibwpjG+VXbOoqJDmFde4UK2gnW351SQ2Zd4t1N3zNdmUEqRkw/srC1Sa1DRBE88Dbwg4JgWCbNz/FQ==",
			"cpu": [
				"ia32"
			],
			"optional": true,
			"os": [
				"linux"
			],
			"engines": {
				"node": ">=12"
			}
		},
		"node_modules/@esbuild/linux-loong64": {
			"version": "0.18.14",
			"resolved": "https://registry.npmjs.org/@esbuild/linux-loong64/-/linux-loong64-0.18.14.tgz",
			"integrity": "sha512-j2/Ex++DRUWIAaUDprXd3JevzGtZ4/d7VKz+AYDoHZ3HjJzCyYBub9CU1wwIXN+viOP0b4VR3RhGClsvyt/xSw==",
			"cpu": [
				"loong64"
			],
			"optional": true,
			"os": [
				"linux"
			],
			"engines": {
				"node": ">=12"
			}
		},
		"node_modules/@esbuild/linux-mips64el": {
			"version": "0.18.14",
			"resolved": "https://registry.npmjs.org/@esbuild/linux-mips64el/-/linux-mips64el-0.18.14.tgz",
			"integrity": "sha512-qn2+nc+ZCrJmiicoAnJXJJkZWt8Nwswgu1crY7N+PBR8ChBHh89XRxj38UU6Dkthl2yCVO9jWuafZ24muzDC/A==",
			"cpu": [
				"mips64el"
			],
			"optional": true,
			"os": [
				"linux"
			],
			"engines": {
				"node": ">=12"
			}
		},
		"node_modules/@esbuild/linux-ppc64": {
			"version": "0.18.14",
			"resolved": "https://registry.npmjs.org/@esbuild/linux-ppc64/-/linux-ppc64-0.18.14.tgz",
			"integrity": "sha512-aGzXzd+djqeEC5IRkDKt3kWzvXoXC6K6GyYKxd+wsFJ2VQYnOWE954qV2tvy5/aaNrmgPTb52cSCHFE+Z7Z0yg==",
			"cpu": [
				"ppc64"
			],
			"optional": true,
			"os": [
				"linux"
			],
			"engines": {
				"node": ">=12"
			}
		},
		"node_modules/@esbuild/linux-riscv64": {
			"version": "0.18.14",
			"resolved": "https://registry.npmjs.org/@esbuild/linux-riscv64/-/linux-riscv64-0.18.14.tgz",
			"integrity": "sha512-8C6vWbfr0ygbAiMFLS6OPz0BHvApkT2gCboOGV76YrYw+sD/MQJzyITNsjZWDXJwPu9tjrFQOVG7zijRzBCnLw==",
			"cpu": [
				"riscv64"
			],
			"optional": true,
			"os": [
				"linux"
			],
			"engines": {
				"node": ">=12"
			}
		},
		"node_modules/@esbuild/linux-s390x": {
			"version": "0.18.14",
			"resolved": "https://registry.npmjs.org/@esbuild/linux-s390x/-/linux-s390x-0.18.14.tgz",
			"integrity": "sha512-G/Lf9iu8sRMM60OVGOh94ZW2nIStksEcITkXdkD09/T6QFD/o+g0+9WVyR/jajIb3A0LvBJ670tBnGe1GgXMgw==",
			"cpu": [
				"s390x"
			],
			"optional": true,
			"os": [
				"linux"
			],
			"engines": {
				"node": ">=12"
			}
		},
		"node_modules/@esbuild/linux-x64": {
			"version": "0.18.14",
			"resolved": "https://registry.npmjs.org/@esbuild/linux-x64/-/linux-x64-0.18.14.tgz",
			"integrity": "sha512-TBgStYBQaa3EGhgqIDM+ECnkreb0wkcKqL7H6m+XPcGUoU4dO7dqewfbm0mWEQYH3kzFHrzjOFNpSAVzDZRSJw==",
			"cpu": [
				"x64"
			],
			"optional": true,
			"os": [
				"linux"
			],
			"engines": {
				"node": ">=12"
			}
		},
		"node_modules/@esbuild/netbsd-x64": {
			"version": "0.18.14",
			"resolved": "https://registry.npmjs.org/@esbuild/netbsd-x64/-/netbsd-x64-0.18.14.tgz",
			"integrity": "sha512-stvCcjyCQR2lMTroqNhAbvROqRjxPEq0oQ380YdXxA81TaRJEucH/PzJ/qsEtsHgXlWFW6Ryr/X15vxQiyRXVg==",
			"cpu": [
				"x64"
			],
			"optional": true,
			"os": [
				"netbsd"
			],
			"engines": {
				"node": ">=12"
			}
		},
		"node_modules/@esbuild/openbsd-x64": {
			"version": "0.18.14",
			"resolved": "https://registry.npmjs.org/@esbuild/openbsd-x64/-/openbsd-x64-0.18.14.tgz",
			"integrity": "sha512-apAOJF14CIsN5ht1PA57PboEMsNV70j3FUdxLmA2liZ20gEQnfTG5QU0FhENo5nwbTqCB2O3WDsXAihfODjHYw==",
			"cpu": [
				"x64"
			],
			"optional": true,
			"os": [
				"openbsd"
			],
			"engines": {
				"node": ">=12"
			}
		},
		"node_modules/@esbuild/sunos-x64": {
			"version": "0.18.14",
			"resolved": "https://registry.npmjs.org/@esbuild/sunos-x64/-/sunos-x64-0.18.14.tgz",
			"integrity": "sha512-fYRaaS8mDgZcGybPn2MQbn1ZNZx+UXFSUoS5Hd2oEnlsyUcr/l3c6RnXf1bLDRKKdLRSabTmyCy7VLQ7VhGdOQ==",
			"cpu": [
				"x64"
			],
			"optional": true,
			"os": [
				"sunos"
			],
			"engines": {
				"node": ">=12"
			}
		},
		"node_modules/@esbuild/win32-arm64": {
			"version": "0.18.14",
			"resolved": "https://registry.npmjs.org/@esbuild/win32-arm64/-/win32-arm64-0.18.14.tgz",
			"integrity": "sha512-1c44RcxKEJPrVj62XdmYhxXaU/V7auELCmnD+Ri+UCt+AGxTvzxl9uauQhrFso8gj6ZV1DaORV0sT9XSHOAk8Q==",
			"cpu": [
				"arm64"
			],
			"optional": true,
			"os": [
				"win32"
			],
			"engines": {
				"node": ">=12"
			}
		},
		"node_modules/@esbuild/win32-ia32": {
			"version": "0.18.14",
			"resolved": "https://registry.npmjs.org/@esbuild/win32-ia32/-/win32-ia32-0.18.14.tgz",
			"integrity": "sha512-EXAFttrdAxZkFQmpvcAQ2bywlWUsONp/9c2lcfvPUhu8vXBBenCXpoq9YkUvVP639ld3YGiYx0YUQ6/VQz3Maw==",
			"cpu": [
				"ia32"
			],
			"optional": true,
			"os": [
				"win32"
			],
			"engines": {
				"node": ">=12"
			}
		},
		"node_modules/@esbuild/win32-x64": {
			"version": "0.18.14",
			"resolved": "https://registry.npmjs.org/@esbuild/win32-x64/-/win32-x64-0.18.14.tgz",
			"integrity": "sha512-K0QjGbcskx+gY+qp3v4/940qg8JitpXbdxFhRDA1aYoNaPff88+aEwoq45aqJ+ogpxQxmU0ZTjgnrQD/w8iiUg==",
			"cpu": [
				"x64"
			],
			"optional": true,
			"os": [
				"win32"
			],
			"engines": {
				"node": ">=12"
			}
		},
		"node_modules/ardi": {
			"version": "0.3.20",
			"resolved": "https://registry.npmjs.org/ardi/-/ardi-0.3.20.tgz",
			"integrity": "sha512-6emQsp8oHOe7dz6W99YFZhzUY2MbuC7gAgmjZe1l2D0X2zQU/WecuB3P9si/TeFAUWKZo5RQ+BI7Ft6SiJwonA==",
			"dependencies": {
				"node-fetch": "^2.6.9"
			}
		},
		"node_modules/argparse": {
			"version": "1.0.10",
			"resolved": "https://registry.npmjs.org/argparse/-/argparse-1.0.10.tgz",
			"integrity": "sha512-o5Roy6tNG4SL/FOkCAN6RzjiakZS25RLYFrcMttJqbdd8BWrnA+fGz57iN5Pb06pvBGvl5gQ0B48dJlslXvoTg==",
			"dependencies": {
				"sprintf-js": "~1.0.2"
			}
		},
		"node_modules/degit": {
			"version": "2.8.4",
			"resolved": "https://registry.npmjs.org/degit/-/degit-2.8.4.tgz",
			"integrity": "sha512-vqYuzmSA5I50J882jd+AbAhQtgK6bdKUJIex1JNfEUPENCgYsxugzKVZlFyMwV4i06MmnV47/Iqi5Io86zf3Ng==",
			"bin": {
				"degit": "degit"
			},
			"engines": {
				"node": ">=8.0.0"
			}
		},
		"node_modules/esbuild": {
			"version": "0.18.14",
			"resolved": "https://registry.npmjs.org/esbuild/-/esbuild-0.18.14.tgz",
			"integrity": "sha512-uNPj5oHPYmj+ZhSQeYQVFZ+hAlJZbAGOmmILWIqrGvPVlNLbyOvU5Bu6Woi8G8nskcx0vwY0iFoMPrzT86Ko+w==",
			"hasInstallScript": true,
			"bin": {
				"esbuild": "bin/esbuild"
			},
			"engines": {
				"node": ">=12"
			},
			"optionalDependencies": {
				"@esbuild/android-arm": "0.18.14",
				"@esbuild/android-arm64": "0.18.14",
				"@esbuild/android-x64": "0.18.14",
				"@esbuild/darwin-arm64": "0.18.14",
				"@esbuild/darwin-x64": "0.18.14",
				"@esbuild/freebsd-arm64": "0.18.14",
				"@esbuild/freebsd-x64": "0.18.14",
				"@esbuild/linux-arm": "0.18.14",
				"@esbuild/linux-arm64": "0.18.14",
				"@esbuild/linux-ia32": "0.18.14",
				"@esbuild/linux-loong64": "0.18.14",
				"@esbuild/linux-mips64el": "0.18.14",
				"@esbuild/linux-ppc64": "0.18.14",
				"@esbuild/linux-riscv64": "0.18.14",
				"@esbuild/linux-s390x": "0.18.14",
				"@esbuild/linux-x64": "0.18.14",
				"@esbuild/netbsd-x64": "0.18.14",
				"@esbuild/openbsd-x64": "0.18.14",
				"@esbuild/sunos-x64": "0.18.14",
				"@esbuild/win32-arm64": "0.18.14",
				"@esbuild/win32-ia32": "0.18.14",
				"@esbuild/win32-x64": "0.18.14"
			}
		},
		"node_modules/esprima": {
			"version": "4.0.1",
			"resolved": "https://registry.npmjs.org/esprima/-/esprima-4.0.1.tgz",
			"integrity": "sha512-eGuFFw7Upda+g4p+QHvnW0RyTX/SVeJBDM/gCtMARO0cLuT2HcEKnTPvhjV6aGeqrCB/sbNop0Kszm0jsaWU4A==",
			"bin": {
				"esparse": "bin/esparse.js",
				"esvalidate": "bin/esvalidate.js"
			},
			"engines": {
				"node": ">=4"
			}
		},
		"node_modules/extend-shallow": {
			"version": "2.0.1",
			"resolved": "https://registry.npmjs.org/extend-shallow/-/extend-shallow-2.0.1.tgz",
			"integrity": "sha512-zCnTtlxNoAiDc3gqY2aYAWFx7XWWiasuF2K8Me5WbN8otHKTUKBwjPtNpRs/rbUZm7KxWAaNj7P1a/p52GbVug==",
			"dependencies": {
				"is-extendable": "^0.1.0"
			},
			"engines": {
				"node": ">=0.10.0"
			}
		},
		"node_modules/gray-matter": {
			"version": "4.0.3",
			"resolved": "https://registry.npmjs.org/gray-matter/-/gray-matter-4.0.3.tgz",
			"integrity": "sha512-5v6yZd4JK3eMI3FqqCouswVqwugaA9r4dNZB1wwcmrD02QkV5H0y7XBQW8QwQqEaZY1pM9aqORSORhJRdNK44Q==",
			"dependencies": {
				"js-yaml": "^3.13.1",
				"kind-of": "^6.0.2",
				"section-matter": "^1.0.0",
				"strip-bom-string": "^1.0.0"
			},
			"engines": {
				"node": ">=6.0"
			}
		},
		"node_modules/is-extendable": {
			"version": "0.1.1",
			"resolved": "https://registry.npmjs.org/is-extendable/-/is-extendable-0.1.1.tgz",
			"integrity": "sha512-5BMULNob1vgFX6EjQw5izWDxrecWK9AM72rugNr0TFldMOi0fj6Jk+zeKIt0xGj4cEfQIJth4w3OKWOJ4f+AFw==",
			"engines": {
				"node": ">=0.10.0"
			}
		},
		"node_modules/js-yaml": {
			"version": "3.14.1",
			"resolved": "https://registry.npmjs.org/js-yaml/-/js-yaml-3.14.1.tgz",
			"integrity": "sha512-okMH7OXXJ7YrN9Ok3/SXrnu4iX9yOk+25nqX4imS2npuvTYDmo/QEZoqwZkYaIDk3jVvBOTOIEgEhaLOynBS9g==",
			"dependencies": {
				"argparse": "^1.0.7",
				"esprima": "^4.0.0"
			},
			"bin": {
				"js-yaml": "bin/js-yaml.js"
			}
		},
		"node_modules/kind-of": {
			"version": "6.0.3",
			"resolved": "https://registry.npmjs.org/kind-of/-/kind-of-6.0.3.tgz",
			"integrity": "sha512-dcS1ul+9tmeD95T+x28/ehLgd9mENa3LsvDTtzm3vyBEO7RPptvAD+t44WVXaUjTBRcrpFeFlC8WCruUR456hw==",
			"engines": {
				"node": ">=0.10.0"
			}
		},
		"node_modules/kleur": {
			"version": "3.0.3",
			"resolved": "https://registry.npmjs.org/kleur/-/kleur-3.0.3.tgz",
			"integrity": "sha512-eTIzlVOSUR+JxdDFepEYcBMtZ9Qqdef+rnzWdRZuMbOywu5tO2w2N7rqjoANZ5k9vywhL6Br1VRjUIgTQx4E8w==",
			"engines": {
				"node": ">=6"
			}
		},
		"node_modules/marked": {
			"version": "5.1.1",
			"resolved": "https://registry.npmjs.org/marked/-/marked-5.1.1.tgz",
			"integrity": "sha512-bTmmGdEINWmOMDjnPWDxGPQ4qkDLeYorpYbEtFOXzOruTwUE671q4Guiuchn4N8h/v6NGd7916kXsm3Iz4iUSg==",
			"bin": {
				"marked": "bin/marked.js"
			},
			"engines": {
				"node": ">= 18"
			}
		},
		"node_modules/node-fetch": {
			"version": "2.6.12",
			"resolved": "https://registry.npmjs.org/node-fetch/-/node-fetch-2.6.12.tgz",
			"integrity": "sha512-C/fGU2E8ToujUivIO0H+tpQ6HWo4eEmchoPIoXtxCrVghxdKq+QOHqEZW7tuP3KlV3bC8FRMO5nMCC7Zm1VP6g==",
			"dependencies": {
				"whatwg-url": "^5.0.0"
			},
			"engines": {
				"node": "4.x || >=6.0.0"
			},
			"peerDependencies": {
				"encoding": "^0.1.0"
			},
			"peerDependenciesMeta": {
				"encoding": {
					"optional": true
				}
			}
		},
		"node_modules/prompts": {
			"version": "2.4.2",
			"resolved": "https://registry.npmjs.org/prompts/-/prompts-2.4.2.tgz",
			"integrity": "sha512-NxNv/kLguCA7p3jE8oL2aEBsrJWgAakBpgmgK6lpPWV+WuOmY6r2/zbAVnP+T8bQlA0nzHXSJSJW0Hq7ylaD2Q==",
			"dependencies": {
				"kleur": "^3.0.3",
				"sisteransi": "^1.0.5"
			},
			"engines": {
				"node": ">= 6"
			}
		},
		"node_modules/section-matter": {
			"version": "1.0.0",
			"resolved": "https://registry.npmjs.org/section-matter/-/section-matter-1.0.0.tgz",
			"integrity": "sha512-vfD3pmTzGpufjScBh50YHKzEu2lxBWhVEHsNGoEXmCmn2hKGfeNLYMzCJpe8cD7gqX7TJluOVpBkAequ6dgMmA==",
			"dependencies": {
				"extend-shallow": "^2.0.1",
				"kind-of": "^6.0.0"
			},
			"engines": {
				"node": ">=4"
			}
		},
		"node_modules/sisteransi": {
			"version": "1.0.5",
			"resolved": "https://registry.npmjs.org/sisteransi/-/sisteransi-1.0.5.tgz",
			"integrity": "sha512-bLGGlR1QxBcynn2d5YmDX4MGjlZvy2MRBDRNHLJ8VI6l6+9FUiyTFNJ0IveOSP0bcXgVDPRcfGqA0pjaqUpfVg=="
		},
		"node_modules/sprintf-js": {
			"version": "1.0.3",
			"resolved": "https://registry.npmjs.org/sprintf-js/-/sprintf-js-1.0.3.tgz",
			"integrity": "sha512-D9cPgkvLlV3t3IzL0D0YLvGA9Ahk4PcvVwUbN0dSGr1aP0Nrt4AEnTUbuGvquEC0mA64Gqt1fzirlRs5ibXx8g=="
		},
		"node_modules/strip-bom-string": {
			"version": "1.0.0",
			"resolved": "https://registry.npmjs.org/strip-bom-string/-/strip-bom-string-1.0.0.tgz",
			"integrity": "sha512-uCC2VHvQRYu+lMh4My/sFNmF2klFymLX1wHJeXnbEJERpV/ZsVuonzerjfrGpIGF7LBVa1O7i9kjiWvJiFck8g==",
			"engines": {
				"node": ">=0.10.0"
			}
		},
		"node_modules/tr46": {
			"version": "0.0.3",
			"resolved": "https://registry.npmjs.org/tr46/-/tr46-0.0.3.tgz",
			"integrity": "sha512-N3WMsuqV66lT30CrXNbEjx4GEwlow3v6rr4mCcv6prnfwhS01rkgyFdjPNBYd9br7LpXV1+Emh01fHnq2Gdgrw=="
		},
		"node_modules/webidl-conversions": {
			"version": "3.0.1",
			"resolved": "https://registry.npmjs.org/webidl-conversions/-/webidl-conversions-3.0.1.tgz",
			"integrity": "sha512-2JAn3z8AR6rjK8Sm8orRC0h/bcl/DqL7tRPdGZ4I1CjdF+EaMLmYxBHyXuKL849eucPFhvBoxMsflfOb8kxaeQ=="
		},
		"node_modules/whatwg-url": {
			"version": "5.0.0",
			"resolved": "https://registry.npmjs.org/whatwg-url/-/whatwg-url-5.0.0.tgz",
			"integrity": "sha512-saE57nupxk6v3HY35+jzBwYa0rKSy0XR8JSxZPwgLr7ys0IBzhGviA1/TUGJLmSVqs8pb9AnvICXEuOHLprYTw==",
			"dependencies": {
				"tr46": "~0.0.3",
				"webidl-conversions": "^3.0.0"
			}
		}
	},
	"dependencies": {
		"@esbuild/android-arm": {
			"version": "0.18.14",
			"resolved": "https://registry.npmjs.org/@esbuild/android-arm/-/android-arm-0.18.14.tgz",
			"integrity": "sha512-blODaaL+lngG5bdK/t4qZcQvq2BBqrABmYwqPPcS5VRxrCSGHb9R/rA3fqxh7R18I7WU4KKv+NYkt22FDfalcg==",
			"optional": true
		},
		"@esbuild/android-arm64": {
			"version": "0.18.14",
			"resolved": "https://registry.npmjs.org/@esbuild/android-arm64/-/android-arm64-0.18.14.tgz",
			"integrity": "sha512-rZ2v+Luba5/3D6l8kofWgTnqE+qsC/L5MleKIKFyllHTKHrNBMqeRCnZI1BtRx8B24xMYxeU32iIddRQqMsOsg==",
			"optional": true
		},
		"@esbuild/android-x64": {
			"version": "0.18.14",
			"resolved": "https://registry.npmjs.org/@esbuild/android-x64/-/android-x64-0.18.14.tgz",
			"integrity": "sha512-qSwh8y38QKl+1Iqg+YhvCVYlSk3dVLk9N88VO71U4FUjtiSFylMWK3Ugr8GC6eTkkP4Tc83dVppt2n8vIdlSGg==",
			"optional": true
		},
		"@esbuild/darwin-arm64": {
			"version": "0.18.14",
			"resolved": "https://registry.npmjs.org/@esbuild/darwin-arm64/-/darwin-arm64-0.18.14.tgz",
			"integrity": "sha512-9Hl2D2PBeDYZiNbnRKRWuxwHa9v5ssWBBjisXFkVcSP5cZqzZRFBUWEQuqBHO4+PKx4q4wgHoWtfQ1S7rUqJ2Q==",
			"optional": true
		},
		"@esbuild/darwin-x64": {
			"version": "0.18.14",
			"resolved": "https://registry.npmjs.org/@esbuild/darwin-x64/-/darwin-x64-0.18.14.tgz",
			"integrity": "sha512-ZnI3Dg4ElQ6tlv82qLc/UNHtFsgZSKZ7KjsUNAo1BF1SoYDjkGKHJyCrYyWjFecmXpvvG/KJ9A/oe0H12odPLQ==",
			"optional": true
		},
		"@esbuild/freebsd-arm64": {
			"version": "0.18.14",
			"resolved": "https://registry.npmjs.org/@esbuild/freebsd-arm64/-/freebsd-arm64-0.18.14.tgz",
			"integrity": "sha512-h3OqR80Da4oQCIa37zl8tU5MwHQ7qgPV0oVScPfKJK21fSRZEhLE4IIVpmcOxfAVmqjU6NDxcxhYaM8aDIGRLw==",
			"optional": true
		},
		"@esbuild/freebsd-x64": {
			"version": "0.18.14",
			"resolved": "https://registry.npmjs.org/@esbuild/freebsd-x64/-/freebsd-x64-0.18.14.tgz",
			"integrity": "sha512-ha4BX+S6CZG4BoH9tOZTrFIYC1DH13UTCRHzFc3GWX74nz3h/N6MPF3tuR3XlsNjMFUazGgm35MPW5tHkn2lzQ==",
			"optional": true
		},
		"@esbuild/linux-arm": {
			"version": "0.18.14",
			"resolved": "https://registry.npmjs.org/@esbuild/linux-arm/-/linux-arm-0.18.14.tgz",
			"integrity": "sha512-5+7vehI1iqru5WRtJyU2XvTOvTGURw3OZxe3YTdE9muNNIdmKAVmSHpB3Vw2LazJk2ifEdIMt/wTWnVe5V98Kg==",
			"optional": true
		},
		"@esbuild/linux-arm64": {
			"version": "0.18.14",
			"resolved": "https://registry.npmjs.org/@esbuild/linux-arm64/-/linux-arm64-0.18.14.tgz",
			"integrity": "sha512-IXORRe22In7U65NZCzjwAUc03nn8SDIzWCnfzJ6t/8AvGx5zBkcLfknI+0P+hhuftufJBmIXxdSTbzWc8X/V4w==",
			"optional": true
		},
		"@esbuild/linux-ia32": {
			"version": "0.18.14",
			"resolved": "https://registry.npmjs.org/@esbuild/linux-ia32/-/linux-ia32-0.18.14.tgz",
			"integrity": "sha512-BfHlMa0nibwpjG+VXbOoqJDmFde4UK2gnW351SQ2Zd4t1N3zNdmUEqRkw/srC1Sa1DRBE88Dbwg4JgWCbNz/FQ==",
			"optional": true
		},
		"@esbuild/linux-loong64": {
			"version": "0.18.14",
			"resolved": "https://registry.npmjs.org/@esbuild/linux-loong64/-/linux-loong64-0.18.14.tgz",
			"integrity": "sha512-j2/Ex++DRUWIAaUDprXd3JevzGtZ4/d7VKz+AYDoHZ3HjJzCyYBub9CU1wwIXN+viOP0b4VR3RhGClsvyt/xSw==",
			"optional": true
		},
		"@esbuild/linux-mips64el": {
			"version": "0.18.14",
			"resolved": "https://registry.npmjs.org/@esbuild/linux-mips64el/-/linux-mips64el-0.18.14.tgz",
			"integrity": "sha512-qn2+nc+ZCrJmiicoAnJXJJkZWt8Nwswgu1crY7N+PBR8ChBHh89XRxj38UU6Dkthl2yCVO9jWuafZ24muzDC/A==",
			"optional": true
		},
		"@esbuild/linux-ppc64": {
			"version": "0.18.14",
			"resolved": "https://registry.npmjs.org/@esbuild/linux-ppc64/-/linux-ppc64-0.18.14.tgz",
			"integrity": "sha512-aGzXzd+djqeEC5IRkDKt3kWzvXoXC6K6GyYKxd+wsFJ2VQYnOWE954qV2tvy5/aaNrmgPTb52cSCHFE+Z7Z0yg==",
			"optional": true
		},
		"@esbuild/linux-riscv64": {
			"version": "0.18.14",
			"resolved": "https://registry.npmjs.org/@esbuild/linux-riscv64/-/linux-riscv64-0.18.14.tgz",
			"integrity": "sha512-8C6vWbfr0ygbAiMFLS6OPz0BHvApkT2gCboOGV76YrYw+sD/MQJzyITNsjZWDXJwPu9tjrFQOVG7zijRzBCnLw==",
			"optional": true
		},
		"@esbuild/linux-s390x": {
			"version": "0.18.14",
			"resolved": "https://registry.npmjs.org/@esbuild/linux-s390x/-/linux-s390x-0.18.14.tgz",
			"integrity": "sha512-G/Lf9iu8sRMM60OVGOh94ZW2nIStksEcITkXdkD09/T6QFD/o+g0+9WVyR/jajIb3A0LvBJ670tBnGe1GgXMgw==",
			"optional": true
		},
		"@esbuild/linux-x64": {
			"version": "0.18.14",
			"resolved": "https://registry.npmjs.org/@esbuild/linux-x64/-/linux-x64-0.18.14.tgz",
			"integrity": "sha512-TBgStYBQaa3EGhgqIDM+ECnkreb0wkcKqL7H6m+XPcGUoU4dO7dqewfbm0mWEQYH3kzFHrzjOFNpSAVzDZRSJw==",
			"optional": true
		},
		"@esbuild/netbsd-x64": {
			"version": "0.18.14",
			"resolved": "https://registry.npmjs.org/@esbuild/netbsd-x64/-/netbsd-x64-0.18.14.tgz",
			"integrity": "sha512-stvCcjyCQR2lMTroqNhAbvROqRjxPEq0oQ380YdXxA81TaRJEucH/PzJ/qsEtsHgXlWFW6Ryr/X15vxQiyRXVg==",
			"optional": true
		},
		"@esbuild/openbsd-x64": {
			"version": "0.18.14",
			"resolved": "https://registry.npmjs.org/@esbuild/openbsd-x64/-/openbsd-x64-0.18.14.tgz",
			"integrity": "sha512-apAOJF14CIsN5ht1PA57PboEMsNV70j3FUdxLmA2liZ20gEQnfTG5QU0FhENo5nwbTqCB2O3WDsXAihfODjHYw==",
			"optional": true
		},
		"@esbuild/sunos-x64": {
			"version": "0.18.14",
			"resolved": "https://registry.npmjs.org/@esbuild/sunos-x64/-/sunos-x64-0.18.14.tgz",
			"integrity": "sha512-fYRaaS8mDgZcGybPn2MQbn1ZNZx+UXFSUoS5Hd2oEnlsyUcr/l3c6RnXf1bLDRKKdLRSabTmyCy7VLQ7VhGdOQ==",
			"optional": true
		},
		"@esbuild/win32-arm64": {
			"version": "0.18.14",
			"resolved": "https://registry.npmjs.org/@esbuild/win32-arm64/-/win32-arm64-0.18.14.tgz",
			"integrity": "sha512-1c44RcxKEJPrVj62XdmYhxXaU/V7auELCmnD+Ri+UCt+AGxTvzxl9uauQhrFso8gj6ZV1DaORV0sT9XSHOAk8Q==",
			"optional": true
		},
		"@esbuild/win32-ia32": {
			"version": "0.18.14",
			"resolved": "https://registry.npmjs.org/@esbuild/win32-ia32/-/win32-ia32-0.18.14.tgz",
			"integrity": "sha512-EXAFttrdAxZkFQmpvcAQ2bywlWUsONp/9c2lcfvPUhu8vXBBenCXpoq9YkUvVP639ld3YGiYx0YUQ6/VQz3Maw==",
			"optional": true
		},
		"@esbuild/win32-x64": {
			"version": "0.18.14",
			"resolved": "https://registry.npmjs.org/@esbuild/win32-x64/-/win32-x64-0.18.14.tgz",
			"integrity": "sha512-K0QjGbcskx+gY+qp3v4/940qg8JitpXbdxFhRDA1aYoNaPff88+aEwoq45aqJ+ogpxQxmU0ZTjgnrQD/w8iiUg==",
			"optional": true
		},
		"ardi": {
			"version": "0.3.20",
			"resolved": "https://registry.npmjs.org/ardi/-/ardi-0.3.20.tgz",
			"integrity": "sha512-6emQsp8oHOe7dz6W99YFZhzUY2MbuC7gAgmjZe1l2D0X2zQU/WecuB3P9si/TeFAUWKZo5RQ+BI7Ft6SiJwonA==",
			"requires": {
				"node-fetch": "^2.6.9"
			}
		},
		"argparse": {
			"version": "1.0.10",
			"resolved": "https://registry.npmjs.org/argparse/-/argparse-1.0.10.tgz",
			"integrity": "sha512-o5Roy6tNG4SL/FOkCAN6RzjiakZS25RLYFrcMttJqbdd8BWrnA+fGz57iN5Pb06pvBGvl5gQ0B48dJlslXvoTg==",
			"requires": {
				"sprintf-js": "~1.0.2"
			}
		},
		"degit": {
			"version": "2.8.4",
			"resolved": "https://registry.npmjs.org/degit/-/degit-2.8.4.tgz",
			"integrity": "sha512-vqYuzmSA5I50J882jd+AbAhQtgK6bdKUJIex1JNfEUPENCgYsxugzKVZlFyMwV4i06MmnV47/Iqi5Io86zf3Ng=="
		},
		"esbuild": {
			"version": "0.18.14",
			"resolved": "https://registry.npmjs.org/esbuild/-/esbuild-0.18.14.tgz",
			"integrity": "sha512-uNPj5oHPYmj+ZhSQeYQVFZ+hAlJZbAGOmmILWIqrGvPVlNLbyOvU5Bu6Woi8G8nskcx0vwY0iFoMPrzT86Ko+w==",
			"requires": {
				"@esbuild/android-arm": "0.18.14",
				"@esbuild/android-arm64": "0.18.14",
				"@esbuild/android-x64": "0.18.14",
				"@esbuild/darwin-arm64": "0.18.14",
				"@esbuild/darwin-x64": "0.18.14",
				"@esbuild/freebsd-arm64": "0.18.14",
				"@esbuild/freebsd-x64": "0.18.14",
				"@esbuild/linux-arm": "0.18.14",
				"@esbuild/linux-arm64": "0.18.14",
				"@esbuild/linux-ia32": "0.18.14",
				"@esbuild/linux-loong64": "0.18.14",
				"@esbuild/linux-mips64el": "0.18.14",
				"@esbuild/linux-ppc64": "0.18.14",
				"@esbuild/linux-riscv64": "0.18.14",
				"@esbuild/linux-s390x": "0.18.14",
				"@esbuild/linux-x64": "0.18.14",
				"@esbuild/netbsd-x64": "0.18.14",
				"@esbuild/openbsd-x64": "0.18.14",
				"@esbuild/sunos-x64": "0.18.14",
				"@esbuild/win32-arm64": "0.18.14",
				"@esbuild/win32-ia32": "0.18.14",
				"@esbuild/win32-x64": "0.18.14"
			}
		},
		"esprima": {
			"version": "4.0.1",
			"resolved": "https://registry.npmjs.org/esprima/-/esprima-4.0.1.tgz",
			"integrity": "sha512-eGuFFw7Upda+g4p+QHvnW0RyTX/SVeJBDM/gCtMARO0cLuT2HcEKnTPvhjV6aGeqrCB/sbNop0Kszm0jsaWU4A=="
		},
		"extend-shallow": {
			"version": "2.0.1",
			"resolved": "https://registry.npmjs.org/extend-shallow/-/extend-shallow-2.0.1.tgz",
			"integrity": "sha512-zCnTtlxNoAiDc3gqY2aYAWFx7XWWiasuF2K8Me5WbN8otHKTUKBwjPtNpRs/rbUZm7KxWAaNj7P1a/p52GbVug==",
			"requires": {
				"is-extendable": "^0.1.0"
			}
		},
		"gray-matter": {
			"version": "4.0.3",
			"resolved": "https://registry.npmjs.org/gray-matter/-/gray-matter-4.0.3.tgz",
			"integrity": "sha512-5v6yZd4JK3eMI3FqqCouswVqwugaA9r4dNZB1wwcmrD02QkV5H0y7XBQW8QwQqEaZY1pM9aqORSORhJRdNK44Q==",
			"requires": {
				"js-yaml": "^3.13.1",
				"kind-of": "^6.0.2",
				"section-matter": "^1.0.0",
				"strip-bom-string": "^1.0.0"
			}
		},
		"is-extendable": {
			"version": "0.1.1",
			"resolved": "https://registry.npmjs.org/is-extendable/-/is-extendable-0.1.1.tgz",
			"integrity": "sha512-5BMULNob1vgFX6EjQw5izWDxrecWK9AM72rugNr0TFldMOi0fj6Jk+zeKIt0xGj4cEfQIJth4w3OKWOJ4f+AFw=="
		},
		"js-yaml": {
			"version": "3.14.1",
			"resolved": "https://registry.npmjs.org/js-yaml/-/js-yaml-3.14.1.tgz",
			"integrity": "sha512-okMH7OXXJ7YrN9Ok3/SXrnu4iX9yOk+25nqX4imS2npuvTYDmo/QEZoqwZkYaIDk3jVvBOTOIEgEhaLOynBS9g==",
			"requires": {
				"argparse": "^1.0.7",
				"esprima": "^4.0.0"
			}
		},
		"kind-of": {
			"version": "6.0.3",
			"resolved": "https://registry.npmjs.org/kind-of/-/kind-of-6.0.3.tgz",
			"integrity": "sha512-dcS1ul+9tmeD95T+x28/ehLgd9mENa3LsvDTtzm3vyBEO7RPptvAD+t44WVXaUjTBRcrpFeFlC8WCruUR456hw=="
		},
		"kleur": {
			"version": "3.0.3",
			"resolved": "https://registry.npmjs.org/kleur/-/kleur-3.0.3.tgz",
			"integrity": "sha512-eTIzlVOSUR+JxdDFepEYcBMtZ9Qqdef+rnzWdRZuMbOywu5tO2w2N7rqjoANZ5k9vywhL6Br1VRjUIgTQx4E8w=="
		},
		"marked": {
			"version": "5.1.1",
			"resolved": "https://registry.npmjs.org/marked/-/marked-5.1.1.tgz",
			"integrity": "sha512-bTmmGdEINWmOMDjnPWDxGPQ4qkDLeYorpYbEtFOXzOruTwUE671q4Guiuchn4N8h/v6NGd7916kXsm3Iz4iUSg=="
		},
		"node-fetch": {
			"version": "2.6.12",
			"resolved": "https://registry.npmjs.org/node-fetch/-/node-fetch-2.6.12.tgz",
			"integrity": "sha512-C/fGU2E8ToujUivIO0H+tpQ6HWo4eEmchoPIoXtxCrVghxdKq+QOHqEZW7tuP3KlV3bC8FRMO5nMCC7Zm1VP6g==",
			"requires": {
				"whatwg-url": "^5.0.0"
			}
		},
		"prompts": {
			"version": "2.4.2",
			"resolved": "https://registry.npmjs.org/prompts/-/prompts-2.4.2.tgz",
			"integrity": "sha512-NxNv/kLguCA7p3jE8oL2aEBsrJWgAakBpgmgK6lpPWV+WuOmY6r2/zbAVnP+T8bQlA0nzHXSJSJW0Hq7ylaD2Q==",
			"requires": {
				"kleur": "^3.0.3",
				"sisteransi": "^1.0.5"
			}
		},
		"section-matter": {
			"version": "1.0.0",
			"resolved": "https://registry.npmjs.org/section-matter/-/section-matter-1.0.0.tgz",
			"integrity": "sha512-vfD3pmTzGpufjScBh50YHKzEu2lxBWhVEHsNGoEXmCmn2hKGfeNLYMzCJpe8cD7gqX7TJluOVpBkAequ6dgMmA==",
			"requires": {
				"extend-shallow": "^2.0.1",
				"kind-of": "^6.0.0"
			}
		},
		"sisteransi": {
			"version": "1.0.5",
			"resolved": "https://registry.npmjs.org/sisteransi/-/sisteransi-1.0.5.tgz",
			"integrity": "sha512-bLGGlR1QxBcynn2d5YmDX4MGjlZvy2MRBDRNHLJ8VI6l6+9FUiyTFNJ0IveOSP0bcXgVDPRcfGqA0pjaqUpfVg=="
		},
		"sprintf-js": {
			"version": "1.0.3",
			"resolved": "https://registry.npmjs.org/sprintf-js/-/sprintf-js-1.0.3.tgz",
			"integrity": "sha512-D9cPgkvLlV3t3IzL0D0YLvGA9Ahk4PcvVwUbN0dSGr1aP0Nrt4AEnTUbuGvquEC0mA64Gqt1fzirlRs5ibXx8g=="
		},
		"strip-bom-string": {
			"version": "1.0.0",
			"resolved": "https://registry.npmjs.org/strip-bom-string/-/strip-bom-string-1.0.0.tgz",
			"integrity": "sha512-uCC2VHvQRYu+lMh4My/sFNmF2klFymLX1wHJeXnbEJERpV/ZsVuonzerjfrGpIGF7LBVa1O7i9kjiWvJiFck8g=="
		},
		"tr46": {
			"version": "0.0.3",
			"resolved": "https://registry.npmjs.org/tr46/-/tr46-0.0.3.tgz",
			"integrity": "sha512-N3WMsuqV66lT30CrXNbEjx4GEwlow3v6rr4mCcv6prnfwhS01rkgyFdjPNBYd9br7LpXV1+Emh01fHnq2Gdgrw=="
		},
		"webidl-conversions": {
			"version": "3.0.1",
			"resolved": "https://registry.npmjs.org/webidl-conversions/-/webidl-conversions-3.0.1.tgz",
			"integrity": "sha512-2JAn3z8AR6rjK8Sm8orRC0h/bcl/DqL7tRPdGZ4I1CjdF+EaMLmYxBHyXuKL849eucPFhvBoxMsflfOb8kxaeQ=="
		},
		"whatwg-url": {
			"version": "5.0.0",
			"resolved": "https://registry.npmjs.org/whatwg-url/-/whatwg-url-5.0.0.tgz",
			"integrity": "sha512-saE57nupxk6v3HY35+jzBwYa0rKSy0XR8JSxZPwgLr7ys0IBzhGviA1/TUGJLmSVqs8pb9AnvICXEuOHLprYTw==",
			"requires": {
				"tr46": "~0.0.3",
				"webidl-conversions": "^3.0.0"
			}
		}
	}
}
